{
  "name": "backend-ready",
  "lockfileVersion": 3,
  "requires": true,
  "packages": {
    "": {
      "dependencies": {
        "e-attend-root": "file:.."
      }
    },
    "..": {
      "name": "e-attend-root",
      "devDependencies": {
        "concurrently": "^9.2.3"
      }
    },
    "node_modules/e-attend-root": {
      "resolved": "..",
      "link": true
    }
  }
}
